
Microsoft Visual Studio Solution File, Format Version 12.00
# Visual Studio Version 16
VisualStudioVersion = 16.0.30907.101
MinimumVisualStudioVersion = 10.0.40219.1
Project("{FAE04EC0-301F-11D3-BF4B-00C04F79EFBC}") = "Parcial1Fercampos", "Parcial1Fercampos\Parcial1Fercampos.csproj", "{0BD1DF20-205C-4030-92E8-C440C9D62D10}"
EndProject
Global
	GlobalSection(SolutionConfigurationPlatforms) = preSolution
		Debug|Any CPU = Debug|Any CPU
		Release|Any CPU = Release|Any CPU
	EndGlobalSection
	GlobalSection(ProjectConfigurationPlatforms) = postSolution
		{0BD1DF20-205C-4030-92E8-C440C9D62D10}.Debug|Any CPU.ActiveCfg = Debug|Any CPU
		{0BD1DF20-205C-4030-92E8-C440C9D62D10}.Debug|Any CPU.Build.0 = Debug|Any CPU
		{0BD1DF20-205C-4030-92E8-C440C9D62D10}.Release|Any CPU.ActiveCfg = Release|Any CPU
		{0BD1DF20-205C-4030-92E8-C440C9D62D10}.Release|Any CPU.Build.0 = Release|Any CPU
	EndGlobalSection
	GlobalSection(SolutionProperties) = preSolution
		HideSolutionNode = FALSE
	EndGlobalSection
	GlobalSection(ExtensibilityGlobals) = postSolution
		SolutionGuid = {59A5221F-92D2-4A18-AB12-13E0810C6DD5}
	EndGlobalSection
EndGlobal
